
Microsoft Visual Studio Solution File, Format Version 12.00
# Visual Studio Version 17
VisualStudioVersion = 17.9.34310.174
MinimumVisualStudioVersion = 10.0.40219.1
Project("{FAE04EC0-301F-11D3-BF4B-00C04F79EFBC}") = "MyApp_1.Browser", "MyApp_1.Browser\MyApp_1.Browser.csproj", "{39A381ED-3DA6-4030-83CA-EDFC719423A2}"
EndProject
Project("{FAE04EC0-301F-11D3-BF4B-00C04F79EFBC}") = "MyApp_1", "MyApp_1\MyApp_1.csproj", "{61B740F3-D6D8-4039-9F8F-86CBD4F27574}"
EndProject
Global
	GlobalSection(SolutionConfigurationPlatforms) = preSolution
		Debug|Any CPU = Debug|Any CPU
		Release|Any CPU = Release|Any CPU
	EndGlobalSection
	GlobalSection(ProjectConfigurationPlatforms) = postSolution
		{39A381ED-3DA6-4030-83CA-EDFC719423A2}.Debug|Any CPU.ActiveCfg = Debug|Any CPU
		{39A381ED-3DA6-4030-83CA-EDFC719423A2}.Debug|Any CPU.Build.0 = Debug|Any CPU
		{39A381ED-3DA6-4030-83CA-EDFC719423A2}.Release|Any CPU.ActiveCfg = Release|Any CPU
		{39A381ED-3DA6-4030-83CA-EDFC719423A2}.Release|Any CPU.Build.0 = Release|Any CPU
		{61B740F3-D6D8-4039-9F8F-86CBD4F27574}.Debug|Any CPU.ActiveCfg = Debug|Any CPU
		{61B740F3-D6D8-4039-9F8F-86CBD4F27574}.Debug|Any CPU.Build.0 = Debug|Any CPU
		{61B740F3-D6D8-4039-9F8F-86CBD4F27574}.Release|Any CPU.ActiveCfg = Release|Any CPU
		{61B740F3-D6D8-4039-9F8F-86CBD4F27574}.Release|Any CPU.Build.0 = Release|Any CPU
	EndGlobalSection
	GlobalSection(SolutionProperties) = preSolution
		HideSolutionNode = FALSE
	EndGlobalSection
	GlobalSection(ExtensibilityGlobals) = postSolution
		SolutionGuid = {CF8E18F9-F325-4945-9BB3-23CE7124A543}
	EndGlobalSection
EndGlobal
